
Microsoft Visual Studio Solution File, Format Version 12.00
# Visual Studio Version 17
VisualStudioVersion = 17.14.36623.8 d17.14
MinimumVisualStudioVersion = 10.0.40219.1
Project("{FAE04EC0-301F-11D3-BF4B-00C04F79EFBC}") = "TvAudioMirror", "TvAudioMirror\TvAudioMirror.csproj", "{CD706EC6-6500-4AD7-97EC-898CC777A652}"
EndProject
Project("{FAE04EC0-301F-11D3-BF4B-00C04F79EFBC}") = "TvAudioMirror.Tests", "TvAudioMirror.Tests\TvAudioMirror.Tests.csproj", "{623A5B52-3BCB-41C2-AE49-EE0CAE978961}"
EndProject
Global
	GlobalSection(SolutionConfigurationPlatforms) = preSolution
		Debug|Any CPU = Debug|Any CPU
		Release|Any CPU = Release|Any CPU
	EndGlobalSection
	GlobalSection(ProjectConfigurationPlatforms) = postSolution
		{CD706EC6-6500-4AD7-97EC-898CC777A652}.Debug|Any CPU.ActiveCfg = Debug|Any CPU
		{CD706EC6-6500-4AD7-97EC-898CC777A652}.Debug|Any CPU.Build.0 = Debug|Any CPU
		{CD706EC6-6500-4AD7-97EC-898CC777A652}.Release|Any CPU.ActiveCfg = Release|Any CPU
		{CD706EC6-6500-4AD7-97EC-898CC777A652}.Release|Any CPU.Build.0 = Release|Any CPU
		{623A5B52-3BCB-41C2-AE49-EE0CAE978961}.Debug|Any CPU.ActiveCfg = Debug|Any CPU
		{623A5B52-3BCB-41C2-AE49-EE0CAE978961}.Debug|Any CPU.Build.0 = Debug|Any CPU
		{623A5B52-3BCB-41C2-AE49-EE0CAE978961}.Release|Any CPU.ActiveCfg = Release|Any CPU
		{623A5B52-3BCB-41C2-AE49-EE0CAE978961}.Release|Any CPU.Build.0 = Release|Any CPU
	EndGlobalSection
	GlobalSection(SolutionProperties) = preSolution
		HideSolutionNode = FALSE
	EndGlobalSection
	GlobalSection(ExtensibilityGlobals) = postSolution
		SolutionGuid = {5440E0EF-1F37-46E1-92BD-D51D72E0CDF7}
	EndGlobalSection
EndGlobal
